// !$*UTF8*$!
{
	archiveVersion = 1;
	classes = {
	};
	objectVersion = 56;
	objects = {

/* Begin PBXBuildFile section */
		DD7CE90C29AA99250028BA5E /* LocationDetailsViewController.swift in Sources */ = {isa = PBXBuildFile; fileRef = DD7CE90B29AA99250028BA5E /* LocationDetailsViewController.swift */; };
		DD7CE90E29AC53E20028BA5E /* CategoryPickerViewController.swift in Sources */ = {isa = PBXBuildFile; fileRef = DD7CE90D29AC53E20028BA5E /* CategoryPickerViewController.swift */; };
		DDA6822B29A4649A00F6C768 /* AppDelegate.swift in Sources */ = {isa = PBXBuildFile; fileRef = DDA6822A29A4649A00F6C768 /* AppDelegate.swift */; };
		DDA6822D29A4649A00F6C768 /* SceneDelegate.swift in Sources */ = {isa = PBXBuildFile; fileRef = DDA6822C29A4649A00F6C768 /* SceneDelegate.swift */; };
		DDA6822F29A4649A00F6C768 /* CurrentLocationViewController.swift in Sources */ = {isa = PBXBuildFile; fileRef = DDA6822E29A4649A00F6C768 /* CurrentLocationViewController.swift */; };
		DDA6823229A4649A00F6C768 /* Main.storyboard in Resources */ = {isa = PBXBuildFile; fileRef = DDA6823029A4649A00F6C768 /* Main.storyboard */; };
		DDA6823529A4649A00F6C768 /* MyLocations.xcdatamodeld in Sources */ = {isa = PBXBuildFile; fileRef = DDA6823329A4649A00F6C768 /* MyLocations.xcdatamodeld */; };
		DDA6823729A4649B00F6C768 /* Assets.xcassets in Resources */ = {isa = PBXBuildFile; fileRef = DDA6823629A4649B00F6C768 /* Assets.xcassets */; };
		DDA6823A29A4649B00F6C768 /* LaunchScreen.storyboard in Resources */ = {isa = PBXBuildFile; fileRef = DDA6823829A4649B00F6C768 /* LaunchScreen.storyboard */; };
		DDA6BDC029B677B9006DE9C4 /* UIImage+Resize.swift in Sources */ = {isa = PBXBuildFile; fileRef = DDA6BDBF29B677B9006DE9C4 /* UIImage+Resize.swift */; };
		DDA6BDC229B6A302006DE9C4 /* String+AddText.swift in Sources */ = {isa = PBXBuildFile; fileRef = DDA6BDC129B6A302006DE9C4 /* String+AddText.swift */; };
		DDA84DD829B1941100C14AB4 /* Location+CoreDataClass.swift in Sources */ = {isa = PBXBuildFile; fileRef = DDA84DD629B1941100C14AB4 /* Location+CoreDataClass.swift */; };
		DDA84DD929B1941100C14AB4 /* Location+CoreDataProperties.swift in Sources */ = {isa = PBXBuildFile; fileRef = DDA84DD729B1941100C14AB4 /* Location+CoreDataProperties.swift */; };
		DDA84DDD29B2741400C14AB4 /* LocationsViewController.swift in Sources */ = {isa = PBXBuildFile; fileRef = DDA84DDC29B2741400C14AB4 /* LocationsViewController.swift */; };
		DDA84DDF29B2856300C14AB4 /* LocationCell.swift in Sources */ = {isa = PBXBuildFile; fileRef = DDA84DDE29B2856300C14AB4 /* LocationCell.swift */; };
		DDA84DE129B2F7F000C14AB4 /* MapViewController.swift in Sources */ = {isa = PBXBuildFile; fileRef = DDA84DE029B2F7F000C14AB4 /* MapViewController.swift */; };
		DDE1C5E029B6DF2F008CBC33 /* Sound.caf in Resources */ = {isa = PBXBuildFile; fileRef = DDE1C5DF29B6DF2F008CBC33 /* Sound.caf */; };
		DDEE6B7129B05BAD00856B97 /* Functions.swift in Sources */ = {isa = PBXBuildFile; fileRef = DDEE6B6F29B05BAC00856B97 /* Functions.swift */; };
		DDEE6B7229B05BAD00856B97 /* HudView.swift in Sources */ = {isa = PBXBuildFile; fileRef = DDEE6B7029B05BAC00856B97 /* HudView.swift */; };
/* End PBXBuildFile section */

/* Begin PBXFileReference section */
		DD7CE90B29AA99250028BA5E /* LocationDetailsViewController.swift */ = {isa = PBXFileReference; lastKnownFileType = sourcecode.swift; path = LocationDetailsViewController.swift; sourceTree = "<group>"; };
		DD7CE90D29AC53E20028BA5E /* CategoryPickerViewController.swift */ = {isa = PBXFileReference; lastKnownFileType = sourcecode.swift; path = CategoryPickerViewController.swift; sourceTree = "<group>"; };
		DDA6822729A4649A00F6C768 /* MyLocations.app */ = {isa = PBXFileReference; explicitFileType = wrapper.application; includeInIndex = 0; path = MyLocations.app; sourceTree = BUILT_PRODUCTS_DIR; };
		DDA6822A29A4649A00F6C768 /* AppDelegate.swift */ = {isa = PBXFileReference; lastKnownFileType = sourcecode.swift; path = AppDelegate.swift; sourceTree = "<group>"; };
		DDA6822C29A4649A00F6C768 /* SceneDelegate.swift */ = {isa = PBXFileReference; lastKnownFileType = sourcecode.swift; path = SceneDelegate.swift; sourceTree = "<group>"; };
		DDA6822E29A4649A00F6C768 /* CurrentLocationViewController.swift */ = {isa = PBXFileReference; lastKnownFileType = sourcecode.swift; path = CurrentLocationViewController.swift; sourceTree = "<group>"; };
		DDA6823129A4649A00F6C768 /* Base */ = {isa = PBXFileReference; lastKnownFileType = file.storyboard; name = Base; path = Base.lproj/Main.storyboard; sourceTree = "<group>"; };
		DDA6823429A4649A00F6C768 /* MyLocations.xcdatamodel */ = {isa = PBXFileReference; lastKnownFileType = wrapper.xcdatamodel; path = MyLocations.xcdatamodel; sourceTree = "<group>"; };
		DDA6823629A4649B00F6C768 /* Assets.xcassets */ = {isa = PBXFileReference; lastKnownFileType = folder.assetcatalog; path = Assets.xcassets; sourceTree = "<group>"; };
		DDA6823929A4649B00F6C768 /* Base */ = {isa = PBXFileReference; lastKnownFileType = file.storyboard; name = Base; path = Base.lproj/LaunchScreen.storyboard; sourceTree = "<group>"; };
		DDA6823B29A4649B00F6C768 /* Info.plist */ = {isa = PBXFileReference; lastKnownFileType = text.plist.xml; path = Info.plist; sourceTree = "<group>"; };
		DDA6BDBF29B677B9006DE9C4 /* UIImage+Resize.swift */ = {isa = PBXFileReference; lastKnownFileType = sourcecode.swift; path = "UIImage+Resize.swift"; sourceTree = "<group>"; };
		DDA6BDC129B6A302006DE9C4 /* String+AddText.swift */ = {isa = PBXFileReference; lastKnownFileType = sourcecode.swift; path = "String+AddText.swift"; sourceTree = "<group>"; };
		DDA84DD629B1941100C14AB4 /* Location+CoreDataClass.swift */ = {isa = PBXFileReference; lastKnownFileType = sourcecode.swift; path = "Location+CoreDataClass.swift"; sourceTree = "<group>"; };
		DDA84DD729B1941100C14AB4 /* Location+CoreDataProperties.swift */ = {isa = PBXFileReference; lastKnownFileType = sourcecode.swift; path = "Location+CoreDataProperties.swift"; sourceTree = "<group>"; };
		DDA84DDC29B2741400C14AB4 /* LocationsViewController.swift */ = {isa = PBXFileReference; lastKnownFileType = sourcecode.swift; path = LocationsViewController.swift; sourceTree = "<group>"; };
		DDA84DDE29B2856300C14AB4 /* LocationCell.swift */ = {isa = PBXFileReference; lastKnownFileType = sourcecode.swift; path = LocationCell.swift; sourceTree = "<group>"; };
		DDA84DE029B2F7F000C14AB4 /* MapViewController.swift */ = {isa = PBXFileReference; lastKnownFileType = sourcecode.swift; path = MapViewController.swift; sourceTree = "<group>"; };
		DDE1C5DF29B6DF2F008CBC33 /* Sound.caf */ = {isa = PBXFileReference; lastKnownFileType = file; path = Sound.caf; sourceTree = "<group>"; };
		DDEE6B6F29B05BAC00856B97 /* Functions.swift */ = {isa = PBXFileReference; fileEncoding = 4; lastKnownFileType = sourcecode.swift; path = Functions.swift; sourceTree = "<group>"; };
		DDEE6B7029B05BAC00856B97 /* HudView.swift */ = {isa = PBXFileReference; fileEncoding = 4; lastKnownFileType = sourcecode.swift; path = HudView.swift; sourceTree = "<group>"; };
/* End PBXFileReference section */

/* Begin PBXFrameworksBuildPhase section */
		DDA6822429A4649A00F6C768 /* Frameworks */ = {
			isa = PBXFrameworksBuildPhase;
			buildActionMask = 2147483647;
			files = (
			);
			runOnlyForDeploymentPostprocessing = 0;
		};
/* End PBXFrameworksBuildPhase section */

/* Begin PBXGroup section */
		DDA6821E29A4649A00F6C768 = {
			isa = PBXGroup;
			children = (
				DDA84DD629B1941100C14AB4 /* Location+CoreDataClass.swift */,
				DDA84DD729B1941100C14AB4 /* Location+CoreDataProperties.swift */,
				DDA6822929A4649A00F6C768 /* MyLocations */,
				DDA6822829A4649A00F6C768 /* Products */,
			);
			sourceTree = "<group>";
		};
		DDA6822829A4649A00F6C768 /* Products */ = {
			isa = PBXGroup;
			children = (
				DDA6822729A4649A00F6C768 /* MyLocations.app */,
			);
			name = Products;
			sourceTree = "<group>";
		};
		DDA6822929A4649A00F6C768 /* MyLocations */ = {
			isa = PBXGroup;
			children = (
				DDE1C5DE29B6DF2F008CBC33 /* Sound */,
				DDA6822A29A4649A00F6C768 /* AppDelegate.swift */,
				DDA6822C29A4649A00F6C768 /* SceneDelegate.swift */,
				DDA6822E29A4649A00F6C768 /* CurrentLocationViewController.swift */,
				DD7CE90B29AA99250028BA5E /* LocationDetailsViewController.swift */,
				DD7CE90D29AC53E20028BA5E /* CategoryPickerViewController.swift */,
				DDA84DDC29B2741400C14AB4 /* LocationsViewController.swift */,
				DDA84DE029B2F7F000C14AB4 /* MapViewController.swift */,
				DDA6823029A4649A00F6C768 /* Main.storyboard */,
				DDA6823629A4649B00F6C768 /* Assets.xcassets */,
				DDA6823829A4649B00F6C768 /* LaunchScreen.storyboard */,
				DDA6823B29A4649B00F6C768 /* Info.plist */,
				DDA6823329A4649A00F6C768 /* MyLocations.xcdatamodeld */,
				DDEE6B6F29B05BAC00856B97 /* Functions.swift */,
				DDEE6B7029B05BAC00856B97 /* HudView.swift */,
				DDA84DDE29B2856300C14AB4 /* LocationCell.swift */,
				DDA6BDBF29B677B9006DE9C4 /* UIImage+Resize.swift */,
				DDA6BDC129B6A302006DE9C4 /* String+AddText.swift */,
			);
			path = MyLocations;
			sourceTree = "<group>";
		};
		DDE1C5DE29B6DF2F008CBC33 /* Sound */ = {
			isa = PBXGroup;
			children = (
				DDE1C5DF29B6DF2F008CBC33 /* Sound.caf */,
			);
			path = Sound;
			sourceTree = "<group>";
		};
/* End PBXGroup section */

/* Begin PBXNativeTarget section */
		DDA6822629A4649A00F6C768 /* MyLocations */ = {
			isa = PBXNativeTarget;
			buildConfigurationList = DDA6823E29A4649B00F6C768 /* Build configuration list for PBXNativeTarget "MyLocations" */;
			buildPhases = (
				DDA6822329A4649A00F6C768 /* Sources */,
				DDA6822429A4649A00F6C768 /* Frameworks */,
				DDA6822529A4649A00F6C768 /* Resources */,
			);
			buildRules = (
			);
			dependencies = (
			);
			name = MyLocations;
			productName = MyLocations;
			productReference = DDA6822729A4649A00F6C768 /* MyLocations.app */;
			productType = "com.apple.product-type.application";
		};
/* End PBXNativeTarget section */

/* Begin PBXProject section */
		DDA6821F29A4649A00F6C768 /* Project object */ = {
			isa = PBXProject;
			attributes = {
				BuildIndependentTargetsInParallel = 1;
				LastSwiftUpdateCheck = 1420;
				LastUpgradeCheck = 1420;
				TargetAttributes = {
					DDA6822629A4649A00F6C768 = {
						CreatedOnToolsVersion = 14.2;
					};
				};
			};
			buildConfigurationList = DDA6822229A4649A00F6C768 /* Build configuration list for PBXProject "MyLocations" */;
			compatibilityVersion = "Xcode 14.0";
			developmentRegion = en;
			hasScannedForEncodings = 0;
			knownRegions = (
				en,
				Base,
			);
			mainGroup = DDA6821E29A4649A00F6C768;
			productRefGroup = DDA6822829A4649A00F6C768 /* Products */;
			projectDirPath = "";
			projectRoot = "";
			targets = (
				DDA6822629A4649A00F6C768 /* MyLocations */,
			);
		};
/* End PBXProject section */

/* Begin PBXResourcesBuildPhase section */
		DDA6822529A4649A00F6C768 /* Resources */ = {
			isa = PBXResourcesBuildPhase;
			buildActionMask = 2147483647;
			files = (
				DDA6823A29A4649B00F6C768 /* LaunchScreen.storyboard in Resources */,
				DDA6823729A4649B00F6C768 /* Assets.xcassets in Resources */,
				DDE1C5E029B6DF2F008CBC33 /* Sound.caf in Resources */,
				DDA6823229A4649A00F6C768 /* Main.storyboard in Resources */,
			);
			runOnlyForDeploymentPostprocessing = 0;
		};
/* End PBXResourcesBuildPhase section */

/* Begin PBXSourcesBuildPhase section */
		DDA6822329A4649A00F6C768 /* Sources */ = {
			isa = PBXSourcesBuildPhase;
			buildActionMask = 2147483647;
			files = (
				DD7CE90E29AC53E20028BA5E /* CategoryPickerViewController.swift in Sources */,
				DDA6822F29A4649A00F6C768 /* CurrentLocationViewController.swift in Sources */,
				DDA6822B29A4649A00F6C768 /* AppDelegate.swift in Sources */,
				DDEE6B7129B05BAD00856B97 /* Functions.swift in Sources */,
				DDA84DDD29B2741400C14AB4 /* LocationsViewController.swift in Sources */,
				DDA84DD929B1941100C14AB4 /* Location+CoreDataProperties.swift in Sources */,
				DDA84DE129B2F7F000C14AB4 /* MapViewController.swift in Sources */,
				DDA6BDC029B677B9006DE9C4 /* UIImage+Resize.swift in Sources */,
				DDA84DDF29B2856300C14AB4 /* LocationCell.swift in Sources */,
				DDEE6B7229B05BAD00856B97 /* HudView.swift in Sources */,
				DDA6823529A4649A00F6C768 /* MyLocations.xcdatamodeld in Sources */,
				DDA84DD829B1941100C14AB4 /* Location+CoreDataClass.swift in Sources */,
				DDA6BDC229B6A302006DE9C4 /* String+AddText.swift in Sources */,
				DDA6822D29A4649A00F6C768 /* SceneDelegate.swift in Sources */,
				DD7CE90C29AA99250028BA5E /* LocationDetailsViewController.swift in Sources */,
			);
			runOnlyForDeploymentPostprocessing = 0;
		};
/* End PBXSourcesBuildPhase section */

/* Begin PBXVariantGroup section */
		DDA6823029A4649A00F6C768 /* Main.storyboard */ = {
			isa = PBXVariantGroup;
			children = (
				DDA6823129A4649A00F6C768 /* Base */,
			);
			name = Main.storyboard;
			sourceTree = "<group>";
		};
		DDA6823829A4649B00F6C768 /* LaunchScreen.storyboard */ = {
			isa = PBXVariantGroup;
			children = (
				DDA6823929A4649B00F6C768 /* Base */,
			);
			name = LaunchScreen.storyboard;
			sourceTree = "<group>";
		};
/* End PBXVariantGroup section */

/* Begin XCBuildConfiguration section */
		DDA6823C29A4649B00F6C768 /* Debug */ = {
			isa = XCBuildConfiguration;
			buildSettings = {
				ALWAYS_SEARCH_USER_PATHS = NO;
				CLANG_ANALYZER_NONNULL = YES;
				CLANG_ANALYZER_NUMBER_OBJECT_CONVERSION = YES_AGGRESSIVE;
				CLANG_CXX_LANGUAGE_STANDARD = "gnu++20";
				CLANG_ENABLE_MODULES = YES;
				CLANG_ENABLE_OBJC_ARC = YES;
				CLANG_ENABLE_OBJC_WEAK = YES;
				CLANG_WARN_BLOCK_CAPTURE_AUTORELEASING = YES;
				CLANG_WARN_BOOL_CONVERSION = YES;
				CLANG_WARN_COMMA = YES;
				CLANG_WARN_CONSTANT_CONVERSION = YES;
				CLANG_WARN_DEPRECATED_OBJC_IMPLEMENTATIONS = YES;
				CLANG_WARN_DIRECT_OBJC_ISA_USAGE = YES_ERROR;
				CLANG_WARN_DOCUMENTATION_COMMENTS = YES;
				CLANG_WARN_EMPTY_BODY = YES;
				CLANG_WARN_ENUM_CONVERSION = YES;
				CLANG_WARN_INFINITE_RECURSION = YES;
				CLANG_WARN_INT_CONVERSION = YES;
				CLANG_WARN_NON_LITERAL_NULL_CONVERSION = YES;
				CLANG_WARN_OBJC_IMPLICIT_RETAIN_SELF = YES;
				CLANG_WARN_OBJC_LITERAL_CONVERSION = YES;
				CLANG_WARN_OBJC_ROOT_CLASS = YES_ERROR;
				CLANG_WARN_QUOTED_INCLUDE_IN_FRAMEWORK_HEADER = YES;
				CLANG_WARN_RANGE_LOOP_ANALYSIS = YES;
				CLANG_WARN_STRICT_PROTOTYPES = YES;
				CLANG_WARN_SUSPICIOUS_MOVE = YES;
				CLANG_WARN_UNGUARDED_AVAILABILITY = YES_AGGRESSIVE;
				CLANG_WARN_UNREACHABLE_CODE = YES;
				CLANG_WARN__DUPLICATE_METHOD_MATCH = YES;
				COPY_PHASE_STRIP = NO;
				DEBUG_INFORMATION_FORMAT = dwarf;
				ENABLE_STRICT_OBJC_MSGSEND = YES;
				ENABLE_TESTABILITY = YES;
				GCC_C_LANGUAGE_STANDARD = gnu11;
				GCC_DYNAMIC_NO_PIC = NO;
				GCC_NO_COMMON_BLOCKS = YES;
				GCC_OPTIMIZATION_LEVEL = 0;
				GCC_PREPROCESSOR_DEFINITIONS = (
					"DEBUG=1",
					"$(inherited)",
				);
				GCC_WARN_64_TO_32_BIT_CONVERSION = YES;
				GCC_WARN_ABOUT_RETURN_TYPE = YES_ERROR;
				GCC_WARN_UNDECLARED_SELECTOR = YES;
				GCC_WARN_UNINITIALIZED_AUTOS = YES_AGGRESSIVE;
				GCC_WARN_UNUSED_FUNCTION = YES;
				GCC_WARN_UNUSED_VARIABLE = YES;
				IPHONEOS_DEPLOYMENT_TARGET = 16.2;
				MTL_ENABLE_DEBUG_INFO = INCLUDE_SOURCE;
				MTL_FAST_MATH = YES;
				ONLY_ACTIVE_ARCH = YES;
				SDKROOT = iphoneos;
				SWIFT_ACTIVE_COMPILATION_CONDITIONS = DEBUG;
				SWIFT_OPTIMIZATION_LEVEL = "-Onone";
			};
			name = Debug;
		};
		DDA6823D29A4649B00F6C768 /* Release */ = {
			isa = XCBuildConfiguration;
			buildSettings = {
				ALWAYS_SEARCH_USER_PATHS = NO;
				CLANG_ANALYZER_NONNULL = YES;
				CLANG_ANALYZER_NUMBER_OBJECT_CONVERSION = YES_AGGRESSIVE;
				CLANG_CXX_LANGUAGE_STANDARD = "gnu++20";
				CLANG_ENABLE_MODULES = YES;
				CLANG_ENABLE_OBJC_ARC = YES;
				CLANG_ENABLE_OBJC_WEAK = YES;
				CLANG_WARN_BLOCK_CAPTURE_AUTORELEASING = YES;
				CLANG_WARN_BOOL_CONVERSION = YES;
				CLANG_WARN_COMMA = YES;
				CLANG_WARN_CONSTANT_CONVERSION = YES;
				CLANG_WARN_DEPRECATED_OBJC_IMPLEMENTATIONS = YES;
				CLANG_WARN_DIRECT_OBJC_ISA_USAGE = YES_ERROR;
				CLANG_WARN_DOCUMENTATION_COMMENTS = YES;
				CLANG_WARN_EMPTY_BODY = YES;
				CLANG_WARN_ENUM_CONVERSION = YES;
				CLANG_WARN_INFINITE_RECURSION = YES;
				CLANG_WARN_INT_CONVERSION = YES;
				CLANG_WARN_NON_LITERAL_NULL_CONVERSION = YES;
				CLANG_WARN_OBJC_IMPLICIT_RETAIN_SELF = YES;
				CLANG_WARN_OBJC_LITERAL_CONVERSION = YES;
				CLANG_WARN_OBJC_ROOT_CLASS = YES_ERROR;
				CLANG_WARN_QUOTED_INCLUDE_IN_FRAMEWORK_HEADER = YES;
				CLANG_WARN_RANGE_LOOP_ANALYSIS = YES;
				CLANG_WARN_STRICT_PROTOTYPES = YES;
				CLANG_WARN_SUSPICIOUS_MOVE = YES;
				CLANG_WARN_UNGUARDED_AVAILABILITY = YES_AGGRESSIVE;
				CLANG_WARN_UNREACHABLE_CODE = YES;
				CLANG_WARN__DUPLICATE_METHOD_MATCH = YES;
				COPY_PHASE_STRIP = NO;
				DEBUG_INFORMATION_FORMAT = "dwarf-with-dsym";
				ENABLE_NS_ASSERTIONS = NO;
				ENABLE_STRICT_OBJC_MSGSEND = YES;
				GCC_C_LANGUAGE_STANDARD = gnu11;
				GCC_NO_COMMON_BLOCKS = YES;
				GCC_WARN_64_TO_32_BIT_CONVERSION = YES;
				GCC_WARN_ABOUT_RETURN_TYPE = YES_ERROR;
				GCC_WARN_UNDECLARED_SELECTOR = YES;
				GCC_WARN_UNINITIALIZED_AUTOS = YES_AGGRESSIVE;
				GCC_WARN_UNUSED_FUNCTION = YES;
				GCC_WARN_UNUSED_VARIABLE = YES;
				IPHONEOS_DEPLOYMENT_TARGET = 16.2;
				MTL_ENABLE_DEBUG_INFO = NO;
				MTL_FAST_MATH = YES;
				SDKROOT = iphoneos;
				SWIFT_COMPILATION_MODE = wholemodule;
				SWIFT_OPTIMIZATION_LEVEL = "-O";
				VALIDATE_PRODUCT = YES;
			};
			name = Release;
		};
		DDA6823F29A4649B00F6C768 /* Debug */ = {
			isa = XCBuildConfiguration;
			buildSettings = {
				ASSETCATALOG_COMPILER_APPICON_NAME = AppIcon;
				ASSETCATALOG_COMPILER_GLOBAL_ACCENT_COLOR_NAME = AccentColor;
				CODE_SIGN_STYLE = Automatic;
				CURRENT_PROJECT_VERSION = 1;
				GENERATE_INFOPLIST_FILE = YES;
				INFOPLIST_FILE = MyLocations/Info.plist;
				INFOPLIST_KEY_NSCameraUsageDescription = "Add photos to your locations.";
				INFOPLIST_KEY_NSLocationWhenInUseUsageDescription = "This app lets you keep track of interesting places. It needs access to the GPS\n\ncoordinates for your location.";
				INFOPLIST_KEY_NSPhotoLibraryUsageDescription = "Add photos to your locations.";
				INFOPLIST_KEY_UIApplicationSupportsIndirectInputEvents = YES;
				INFOPLIST_KEY_UILaunchStoryboardName = LaunchScreen;
				INFOPLIST_KEY_UIMainStoryboardFile = Main;
				INFOPLIST_KEY_UIStatusBarStyle = UIStatusBarStyleLightContent;
				INFOPLIST_KEY_UISupportedInterfaceOrientations = UIInterfaceOrientationPortrait;
				INFOPLIST_KEY_UISupportedInterfaceOrientations_iPad = "UIInterfaceOrientationLandscapeLeft UIInterfaceOrientationLandscapeRight UIInterfaceOrientationPortrait UIInterfaceOrientationPortraitUpsideDown";
				INFOPLIST_KEY_UIUserInterfaceStyle = Dark;
				LD_RUNPATH_SEARCH_PATHS = (
					"$(inherited)",
					"@executable_path/Frameworks",
				);
				MARKETING_VERSION = 1.0;
				PRODUCT_BUNDLE_IDENTIFIER = KyleMusto.MyLocations;
				PRODUCT_NAME = "$(TARGET_NAME)";
				SWIFT_EMIT_LOC_STRINGS = YES;
				SWIFT_VERSION = 5.0;
				TARGETED_DEVICE_FAMILY = "1,2";
			};
			name = Debug;
		};
		DDA6824029A4649B00F6C768 /* Release */ = {
			isa = XCBuildConfiguration;
			buildSettings = {
				ASSETCATALOG_COMPILER_APPICON_NAME = AppIcon;
				ASSETCATALOG_COMPILER_GLOBAL_ACCENT_COLOR_NAME = AccentColor;
				CODE_SIGN_STYLE = Automatic;
				CURRENT_PROJECT_VERSION = 1;
				GENERATE_INFOPLIST_FILE = YES;
				INFOPLIST_FILE = MyLocations/Info.plist;
				INFOPLIST_KEY_NSCameraUsageDescription = "Add photos to your locations.";
				INFOPLIST_KEY_NSLocationWhenInUseUsageDescription = "This app lets you keep track of interesting places. It needs access to the GPS\n\ncoordinates for your location.";
				INFOPLIST_KEY_NSPhotoLibraryUsageDescription = "Add photos to your locations.";
				INFOPLIST_KEY_UIApplicationSupportsIndirectInputEvents = YES;
				INFOPLIST_KEY_UILaunchStoryboardName = LaunchScreen;
				INFOPLIST_KEY_UIMainStoryboardFile = Main;
				INFOPLIST_KEY_UIStatusBarStyle = UIStatusBarStyleLightContent;
				INFOPLIST_KEY_UISupportedInterfaceOrientations = UIInterfaceOrientationPortrait;
				INFOPLIST_KEY_UISupportedInterfaceOrientations_iPad = "UIInterfaceOrientationLandscapeLeft UIInterfaceOrientationLandscapeRight UIInterfaceOrientationPortrait UIInterfaceOrientationPortraitUpsideDown";
				INFOPLIST_KEY_UIUserInterfaceStyle = Dark;
				LD_RUNPATH_SEARCH_PATHS = (
					"$(inherited)",
					"@executable_path/Frameworks",
				);
				MARKETING_VERSION = 1.0;
				PRODUCT_BUNDLE_IDENTIFIER = KyleMusto.MyLocations;
				PRODUCT_NAME = "$(TARGET_NAME)";
				SWIFT_EMIT_LOC_STRINGS = YES;
				SWIFT_VERSION = 5.0;
				TARGETED_DEVICE_FAMILY = "1,2";
			};
			name = Release;
		};
/* End XCBuildConfiguration section */

/* Begin XCConfigurationList section */
		DDA6822229A4649A00F6C768 /* Build configuration list for PBXProject "MyLocations" */ = {
			isa = XCConfigurationList;
			buildConfigurations = (
				DDA6823C29A4649B00F6C768 /* Debug */,
				DDA6823D29A4649B00F6C768 /* Release */,
			);
			defaultConfigurationIsVisible = 0;
			defaultConfigurationName = Release;
		};
		DDA6823E29A4649B00F6C768 /* Build configuration list for PBXNativeTarget "MyLocations" */ = {
			isa = XCConfigurationList;
			buildConfigurations = (
				DDA6823F29A4649B00F6C768 /* Debug */,
				DDA6824029A4649B00F6C768 /* Release */,
			);
			defaultConfigurationIsVisible = 0;
			defaultConfigurationName = Release;
		};
/* End XCConfigurationList section */

/* Begin XCVersionGroup section */
		DDA6823329A4649A00F6C768 /* MyLocations.xcdatamodeld */ = {
			isa = XCVersionGroup;
			children = (
				DDA6823429A4649A00F6C768 /* MyLocations.xcdatamodel */,
			);
			currentVersion = DDA6823429A4649A00F6C768 /* MyLocations.xcdatamodel */;
			path = MyLocations.xcdatamodeld;
			sourceTree = "<group>";
			versionGroupType = wrapper.xcdatamodel;
		};
/* End XCVersionGroup section */
	};
	rootObject = DDA6821F29A4649A00F6C768 /* Project object */;
}
